
Microsoft Visual Studio Solution File, Format Version 12.00
# Visual Studio Version 16
VisualStudioVersion = 16.0.30717.126
MinimumVisualStudioVersion = 10.0.40219.1
Project("{9A19103F-16F7-4668-BE54-9A1E7A4F7556}") = "CRAT", "crat\CRAT.csproj", "{185EF1D7-F769-42F4-9F56-23BD2605EBC4}"
EndProject
Project("{9A19103F-16F7-4668-BE54-9A1E7A4F7556}") = "CRATTest", "cratTest\CRATTest.csproj", "{D2E9C65D-D66E-45FD-ACC4-D776D7F8479F}"
EndProject
Global
	GlobalSection(SolutionConfigurationPlatforms) = preSolution
		Debug|Any CPU = Debug|Any CPU
		Release|Any CPU = Release|Any CPU
	EndGlobalSection
	GlobalSection(ProjectConfigurationPlatforms) = postSolution
		{185EF1D7-F769-42F4-9F56-23BD2605EBC4}.Debug|Any CPU.ActiveCfg = Debug|Any CPU
		{185EF1D7-F769-42F4-9F56-23BD2605EBC4}.Debug|Any CPU.Build.0 = Debug|Any CPU
		{185EF1D7-F769-42F4-9F56-23BD2605EBC4}.Release|Any CPU.ActiveCfg = Release|Any CPU
		{185EF1D7-F769-42F4-9F56-23BD2605EBC4}.Release|Any CPU.Build.0 = Release|Any CPU
		{D2E9C65D-D66E-45FD-ACC4-D776D7F8479F}.Debug|Any CPU.ActiveCfg = Debug|Any CPU
		{D2E9C65D-D66E-45FD-ACC4-D776D7F8479F}.Debug|Any CPU.Build.0 = Debug|Any CPU
		{D2E9C65D-D66E-45FD-ACC4-D776D7F8479F}.Release|Any CPU.ActiveCfg = Release|Any CPU
		{D2E9C65D-D66E-45FD-ACC4-D776D7F8479F}.Release|Any CPU.Build.0 = Release|Any CPU
	EndGlobalSection
	GlobalSection(SolutionProperties) = preSolution
		HideSolutionNode = FALSE
	EndGlobalSection
	GlobalSection(ExtensibilityGlobals) = postSolution
		SolutionGuid = {2D827C75-5502-4785-B93A-607F6799359B}
	EndGlobalSection
EndGlobal
